
Microsoft Visual Studio Solution File, Format Version 12.00
# Visual Studio Version 16
VisualStudioVersion = 16.0.32228.343
MinimumVisualStudioVersion = 10.0.40219.1
Project("{FAE04EC0-301F-11D3-BF4B-00C04F79EFBC}") = "AppTareaSemana2IzaAlexander.Android", "AppTareaSemana2IzaAlexander.Android\AppTareaSemana2IzaAlexander.Android.csproj", "{13EB7D3E-4EDD-414D-8838-FAFDC65DD35D}"
EndProject
Project("{FAE04EC0-301F-11D3-BF4B-00C04F79EFBC}") = "AppTareaSemana2IzaAlexander.iOS", "AppTareaSemana2IzaAlexander.iOS\AppTareaSemana2IzaAlexander.iOS.csproj", "{C0B96E25-CCD9-44F0-8B0A-0A4AE750322E}"
EndProject
Project("{FAE04EC0-301F-11D3-BF4B-00C04F79EFBC}") = "AppTareaSemana2IzaAlexander", "AppTareaSemana2IzaAlexander\AppTareaSemana2IzaAlexander.csproj", "{E16A4EEA-3E0E-4B16-A0EF-3AA53C02836A}"
EndProject
Global
	GlobalSection(SolutionConfigurationPlatforms) = preSolution
		Debug|Any CPU = Debug|Any CPU
		Debug|iPhone = Debug|iPhone
		Debug|iPhoneSimulator = Debug|iPhoneSimulator
		Release|Any CPU = Release|Any CPU
		Release|iPhone = Release|iPhone
		Release|iPhoneSimulator = Release|iPhoneSimulator
	EndGlobalSection
	GlobalSection(ProjectConfigurationPlatforms) = postSolution
		{13EB7D3E-4EDD-414D-8838-FAFDC65DD35D}.Debug|Any CPU.ActiveCfg = Debug|Any CPU
		{13EB7D3E-4EDD-414D-8838-FAFDC65DD35D}.Debug|Any CPU.Build.0 = Debug|Any CPU
		{13EB7D3E-4EDD-414D-8838-FAFDC65DD35D}.Debug|Any CPU.Deploy.0 = Debug|Any CPU
		{13EB7D3E-4EDD-414D-8838-FAFDC65DD35D}.Debug|iPhone.ActiveCfg = Debug|Any CPU
		{13EB7D3E-4EDD-414D-8838-FAFDC65DD35D}.Debug|iPhone.Build.0 = Debug|Any CPU
		{13EB7D3E-4EDD-414D-8838-FAFDC65DD35D}.Debug|iPhone.Deploy.0 = Debug|Any CPU
		{13EB7D3E-4EDD-414D-8838-FAFDC65DD35D}.Debug|iPhoneSimulator.ActiveCfg = Debug|Any CPU
		{13EB7D3E-4EDD-414D-8838-FAFDC65DD35D}.Debug|iPhoneSimulator.Build.0 = Debug|Any CPU
		{13EB7D3E-4EDD-414D-8838-FAFDC65DD35D}.Debug|iPhoneSimulator.Deploy.0 = Debug|Any CPU
		{13EB7D3E-4EDD-414D-8838-FAFDC65DD35D}.Release|Any CPU.ActiveCfg = Release|Any CPU
		{13EB7D3E-4EDD-414D-8838-FAFDC65DD35D}.Release|Any CPU.Build.0 = Release|Any CPU
		{13EB7D3E-4EDD-414D-8838-FAFDC65DD35D}.Release|Any CPU.Deploy.0 = Release|Any CPU
		{13EB7D3E-4EDD-414D-8838-FAFDC65DD35D}.Release|iPhone.ActiveCfg = Release|Any CPU
		{13EB7D3E-4EDD-414D-8838-FAFDC65DD35D}.Release|iPhone.Build.0 = Release|Any CPU
		{13EB7D3E-4EDD-414D-8838-FAFDC65DD35D}.Release|iPhone.Deploy.0 = Release|Any CPU
		{13EB7D3E-4EDD-414D-8838-FAFDC65DD35D}.Release|iPhoneSimulator.ActiveCfg = Release|Any CPU
		{13EB7D3E-4EDD-414D-8838-FAFDC65DD35D}.Release|iPhoneSimulator.Build.0 = Release|Any CPU
		{13EB7D3E-4EDD-414D-8838-FAFDC65DD35D}.Release|iPhoneSimulator.Deploy.0 = Release|Any CPU
		{C0B96E25-CCD9-44F0-8B0A-0A4AE750322E}.Debug|Any CPU.ActiveCfg = Debug|iPhone
		{C0B96E25-CCD9-44F0-8B0A-0A4AE750322E}.Debug|Any CPU.Build.0 = Debug|iPhone
		{C0B96E25-CCD9-44F0-8B0A-0A4AE750322E}.Debug|Any CPU.Deploy.0 = Debug|iPhone
		{C0B96E25-CCD9-44F0-8B0A-0A4AE750322E}.Debug|iPhone.ActiveCfg = Debug|iPhone
		{C0B96E25-CCD9-44F0-8B0A-0A4AE750322E}.Debug|iPhone.Build.0 = Debug|iPhone
		{C0B96E25-CCD9-44F0-8B0A-0A4AE750322E}.Debug|iPhone.Deploy.0 = Debug|iPhone
		{C0B96E25-CCD9-44F0-8B0A-0A4AE750322E}.Debug|iPhoneSimulator.ActiveCfg = Debug|iPhoneSimulator
		{C0B96E25-CCD9-44F0-8B0A-0A4AE750322E}.Debug|iPhoneSimulator.Build.0 = Debug|iPhoneSimulator
		{C0B96E25-CCD9-44F0-8B0A-0A4AE750322E}.Debug|iPhoneSimulator.Deploy.0 = Debug|iPhoneSimulator
		{C0B96E25-CCD9-44F0-8B0A-0A4AE750322E}.Release|Any CPU.ActiveCfg = Release|iPhoneSimulator
		{C0B96E25-CCD9-44F0-8B0A-0A4AE750322E}.Release|Any CPU.Build.0 = Release|iPhoneSimulator
		{C0B96E25-CCD9-44F0-8B0A-0A4AE750322E}.Release|Any CPU.Deploy.0 = Release|iPhoneSimulator
		{C0B96E25-CCD9-44F0-8B0A-0A4AE750322E}.Release|iPhone.ActiveCfg = Release|iPhone
		{C0B96E25-CCD9-44F0-8B0A-0A4AE750322E}.Release|iPhone.Build.0 = Release|iPhone
		{C0B96E25-CCD9-44F0-8B0A-0A4AE750322E}.Release|iPhone.Deploy.0 = Release|iPhone
		{C0B96E25-CCD9-44F0-8B0A-0A4AE750322E}.Release|iPhoneSimulator.ActiveCfg = Release|iPhoneSimulator
		{C0B96E25-CCD9-44F0-8B0A-0A4AE750322E}.Release|iPhoneSimulator.Build.0 = Release|iPhoneSimulator
		{C0B96E25-CCD9-44F0-8B0A-0A4AE750322E}.Release|iPhoneSimulator.Deploy.0 = Release|iPhoneSimulator
		{E16A4EEA-3E0E-4B16-A0EF-3AA53C02836A}.Debug|Any CPU.ActiveCfg = Debug|Any CPU
		{E16A4EEA-3E0E-4B16-A0EF-3AA53C02836A}.Debug|Any CPU.Build.0 = Debug|Any CPU
		{E16A4EEA-3E0E-4B16-A0EF-3AA53C02836A}.Debug|Any CPU.Deploy.0 = Debug|Any CPU
		{E16A4EEA-3E0E-4B16-A0EF-3AA53C02836A}.Debug|iPhone.ActiveCfg = Debug|Any CPU
		{E16A4EEA-3E0E-4B16-A0EF-3AA53C02836A}.Debug|iPhone.Build.0 = Debug|Any CPU
		{E16A4EEA-3E0E-4B16-A0EF-3AA53C02836A}.Debug|iPhone.Deploy.0 = Debug|Any CPU
		{E16A4EEA-3E0E-4B16-A0EF-3AA53C02836A}.Debug|iPhoneSimulator.ActiveCfg = Debug|Any CPU
		{E16A4EEA-3E0E-4B16-A0EF-3AA53C02836A}.Debug|iPhoneSimulator.Build.0 = Debug|Any CPU
		{E16A4EEA-3E0E-4B16-A0EF-3AA53C02836A}.Debug|iPhoneSimulator.Deploy.0 = Debug|Any CPU
		{E16A4EEA-3E0E-4B16-A0EF-3AA53C02836A}.Release|Any CPU.ActiveCfg = Release|Any CPU
		{E16A4EEA-3E0E-4B16-A0EF-3AA53C02836A}.Release|Any CPU.Build.0 = Release|Any CPU
		{E16A4EEA-3E0E-4B16-A0EF-3AA53C02836A}.Release|Any CPU.Deploy.0 = Release|Any CPU
		{E16A4EEA-3E0E-4B16-A0EF-3AA53C02836A}.Release|iPhone.ActiveCfg = Release|Any CPU
		{E16A4EEA-3E0E-4B16-A0EF-3AA53C02836A}.Release|iPhone.Build.0 = Release|Any CPU
		{E16A4EEA-3E0E-4B16-A0EF-3AA53C02836A}.Release|iPhone.Deploy.0 = Release|Any CPU
		{E16A4EEA-3E0E-4B16-A0EF-3AA53C02836A}.Release|iPhoneSimulator.ActiveCfg = Release|Any CPU
		{E16A4EEA-3E0E-4B16-A0EF-3AA53C02836A}.Release|iPhoneSimulator.Build.0 = Release|Any CPU
		{E16A4EEA-3E0E-4B16-A0EF-3AA53C02836A}.Release|iPhoneSimulator.Deploy.0 = Release|Any CPU
	EndGlobalSection
	GlobalSection(SolutionProperties) = preSolution
		HideSolutionNode = FALSE
	EndGlobalSection
	GlobalSection(ExtensibilityGlobals) = postSolution
		SolutionGuid = {5AB4B2FB-932F-4FAD-BF23-825DD65F02A3}
	EndGlobalSection
EndGlobal
